
Microsoft Visual Studio Solution File, Format Version 12.00
# Visual Studio Version 17
VisualStudioVersion = 17.4.33205.214
MinimumVisualStudioVersion = 10.0.40219.1
Project("{FAE04EC0-301F-11D3-BF4B-00C04F79EFBC}") = "Lab3", "Lab3\Lab3.csproj", "{1BBC6F9B-6606-4376-A55E-0C97C4F53E0A}"
EndProject
Global
	GlobalSection(SolutionConfigurationPlatforms) = preSolution
		Debug|Any CPU = Debug|Any CPU
		Release|Any CPU = Release|Any CPU
	EndGlobalSection
	GlobalSection(ProjectConfigurationPlatforms) = postSolution
		{1BBC6F9B-6606-4376-A55E-0C97C4F53E0A}.Debug|Any CPU.ActiveCfg = Debug|Any CPU
		{1BBC6F9B-6606-4376-A55E-0C97C4F53E0A}.Debug|Any CPU.Build.0 = Debug|Any CPU
		{1BBC6F9B-6606-4376-A55E-0C97C4F53E0A}.Release|Any CPU.ActiveCfg = Release|Any CPU
		{1BBC6F9B-6606-4376-A55E-0C97C4F53E0A}.Release|Any CPU.Build.0 = Release|Any CPU
	EndGlobalSection
	GlobalSection(SolutionProperties) = preSolution
		HideSolutionNode = FALSE
	EndGlobalSection
	GlobalSection(ExtensibilityGlobals) = postSolution
		SolutionGuid = {CC44FB34-FEBE-4D84-BC0A-60B8F8DA2ACE}
	EndGlobalSection
EndGlobal
